{"1.2.0",
[{<<"quicer">>,{pkg,<<"quicer">>,<<"0.2.15">>},0},
 {<<"snabbkaffe">>,{pkg,<<"snabbkaffe">>,<<"1.0.10">>},1}]}.
[
{pkg_hash,[
 {<<"quicer">>, <<"775FCFA09C9CE5A4A00D23C1C8B1E81CD361EBC847E43BB766EFAC4373CDB1B8">>},
 {<<"snabbkaffe">>, <<"9BE2F54F61FC6862391B666B2B5B76C3FA53598E2989A17CEF1B48CF347A8A63">>}]},
{pkg_hash_ext,[
 {<<"quicer">>, <<"52236D9384A541341706BCAE438E81B209FA21D2045D3DF317F8BA5BEDA6A8E5">>},
 {<<"snabbkaffe">>, <<"70A98DF36AE756908D55B5770891D443D63C903833E3E87D544036E13D4FAC26">>}]}
].
